
Microsoft Visual Studio Solution File, Format Version 12.00
# Visual Studio Version 17
VisualStudioVersion = 17.3.32929.385
MinimumVisualStudioVersion = 10.0.40219.1
Project("{FAE04EC0-301F-11D3-BF4B-00C04F79EFBC}") = "oopGrassCutter", "oopGrassCutter.csproj", "{90FAEEE3-31F0-457F-9CE3-CB91DA569300}"
EndProject
Global
	GlobalSection(SolutionConfigurationPlatforms) = preSolution
		Debug|Any CPU = Debug|Any CPU
		Release|Any CPU = Release|Any CPU
	EndGlobalSection
	GlobalSection(ProjectConfigurationPlatforms) = postSolution
		{90FAEEE3-31F0-457F-9CE3-CB91DA569300}.Debug|Any CPU.ActiveCfg = Debug|Any CPU
		{90FAEEE3-31F0-457F-9CE3-CB91DA569300}.Debug|Any CPU.Build.0 = Debug|Any CPU
		{90FAEEE3-31F0-457F-9CE3-CB91DA569300}.Release|Any CPU.ActiveCfg = Release|Any CPU
		{90FAEEE3-31F0-457F-9CE3-CB91DA569300}.Release|Any CPU.Build.0 = Release|Any CPU
	EndGlobalSection
	GlobalSection(SolutionProperties) = preSolution
		HideSolutionNode = FALSE
	EndGlobalSection
	GlobalSection(ExtensibilityGlobals) = postSolution
		SolutionGuid = {E3ABA508-DFE5-40D3-990B-AFEA4F709DD2}
	EndGlobalSection
EndGlobal
